
Microsoft Visual Studio Solution File, Format Version 12.00
# Visual Studio Version 17
VisualStudioVersion = 17.10.35122.118
MinimumVisualStudioVersion = 10.0.40219.1
Project("{FAE04EC0-301F-11D3-BF4B-00C04F79EFBC}") = "Forgor.Security.Api", "Forgor.Security.Api\Forgor.Security.Api.csproj", "{B5B3A00F-2EB1-4302-9884-DECEA9744FE0}"
EndProject
Project("{FAE04EC0-301F-11D3-BF4B-00C04F79EFBC}") = "Forgor.Security.CQRS.Contracts", "Forgor.Security.CQRS.Contracts\Forgor.Security.CQRS.Contracts.csproj", "{62A919AA-C546-4DC7-A307-95D9863C415F}"
EndProject
Project("{FAE04EC0-301F-11D3-BF4B-00C04F79EFBC}") = "Forgor.Security.CQRS.Handlers", "Forgor.Security.CQRS.Handlers\Forgor.Security.CQRS.Handlers.csproj", "{F2E1A28E-549D-4B0E-BEBC-3BAE35F878EC}"
EndProject
Project("{FAE04EC0-301F-11D3-BF4B-00C04F79EFBC}") = "Forgor.Security.DataAccess", "Forgor.Security.DataAccess\Forgor.Security.DataAccess.csproj", "{DB18E228-C2A6-4163-BAD1-75CD3AB1ABCE}"
EndProject
Project("{FAE04EC0-301F-11D3-BF4B-00C04F79EFBC}") = "Forgor.Security.Domain", "Forgor.Security.Domain\Forgor.Security.Domain.csproj", "{E5AC02BD-022F-4746-A88F-7ED75FBA4A53}"
EndProject
Project("{FAE04EC0-301F-11D3-BF4B-00C04F79EFBC}") = "Forgor.Security.Infrastructure", "Forgor.Security.Infrastructure\Forgor.Security.Infrastructure.csproj", "{616AA5A2-59CE-463D-8388-D50A66CE67FB}"
EndProject
Project("{FAE04EC0-301F-11D3-BF4B-00C04F79EFBC}") = "Forgor.Security.Repositories", "Forgor.Security.Repositories\Forgor.Security.Repositories.csproj", "{38301DAB-7291-4952-AB21-E423716FD07E}"
EndProject
Project("{2150E333-8FDC-42A3-9474-1A3956D46DE8}") = "Solution Items", "Solution Items", "{0EF87673-F017-486A-8334-D03F39DBC105}"
	ProjectSection(SolutionItems) = preProject
		.editorconfig = .editorconfig
	EndProjectSection
EndProject
Global
	GlobalSection(SolutionConfigurationPlatforms) = preSolution
		Debug|Any CPU = Debug|Any CPU
		Release|Any CPU = Release|Any CPU
	EndGlobalSection
	GlobalSection(ProjectConfigurationPlatforms) = postSolution
		{B5B3A00F-2EB1-4302-9884-DECEA9744FE0}.Debug|Any CPU.ActiveCfg = Debug|Any CPU
		{B5B3A00F-2EB1-4302-9884-DECEA9744FE0}.Debug|Any CPU.Build.0 = Debug|Any CPU
		{B5B3A00F-2EB1-4302-9884-DECEA9744FE0}.Release|Any CPU.ActiveCfg = Release|Any CPU
		{B5B3A00F-2EB1-4302-9884-DECEA9744FE0}.Release|Any CPU.Build.0 = Release|Any CPU
		{62A919AA-C546-4DC7-A307-95D9863C415F}.Debug|Any CPU.ActiveCfg = Debug|Any CPU
		{62A919AA-C546-4DC7-A307-95D9863C415F}.Debug|Any CPU.Build.0 = Debug|Any CPU
		{62A919AA-C546-4DC7-A307-95D9863C415F}.Release|Any CPU.ActiveCfg = Release|Any CPU
		{62A919AA-C546-4DC7-A307-95D9863C415F}.Release|Any CPU.Build.0 = Release|Any CPU
		{F2E1A28E-549D-4B0E-BEBC-3BAE35F878EC}.Debug|Any CPU.ActiveCfg = Debug|Any CPU
		{F2E1A28E-549D-4B0E-BEBC-3BAE35F878EC}.Debug|Any CPU.Build.0 = Debug|Any CPU
		{F2E1A28E-549D-4B0E-BEBC-3BAE35F878EC}.Release|Any CPU.ActiveCfg = Release|Any CPU
		{F2E1A28E-549D-4B0E-BEBC-3BAE35F878EC}.Release|Any CPU.Build.0 = Release|Any CPU
		{DB18E228-C2A6-4163-BAD1-75CD3AB1ABCE}.Debug|Any CPU.ActiveCfg = Debug|Any CPU
		{DB18E228-C2A6-4163-BAD1-75CD3AB1ABCE}.Debug|Any CPU.Build.0 = Debug|Any CPU
		{DB18E228-C2A6-4163-BAD1-75CD3AB1ABCE}.Release|Any CPU.ActiveCfg = Release|Any CPU
		{DB18E228-C2A6-4163-BAD1-75CD3AB1ABCE}.Release|Any CPU.Build.0 = Release|Any CPU
		{E5AC02BD-022F-4746-A88F-7ED75FBA4A53}.Debug|Any CPU.ActiveCfg = Debug|Any CPU
		{E5AC02BD-022F-4746-A88F-7ED75FBA4A53}.Debug|Any CPU.Build.0 = Debug|Any CPU
		{E5AC02BD-022F-4746-A88F-7ED75FBA4A53}.Release|Any CPU.ActiveCfg = Release|Any CPU
		{E5AC02BD-022F-4746-A88F-7ED75FBA4A53}.Release|Any CPU.Build.0 = Release|Any CPU
		{616AA5A2-59CE-463D-8388-D50A66CE67FB}.Debug|Any CPU.ActiveCfg = Debug|Any CPU
		{616AA5A2-59CE-463D-8388-D50A66CE67FB}.Debug|Any CPU.Build.0 = Debug|Any CPU
		{616AA5A2-59CE-463D-8388-D50A66CE67FB}.Release|Any CPU.ActiveCfg = Release|Any CPU
		{616AA5A2-59CE-463D-8388-D50A66CE67FB}.Release|Any CPU.Build.0 = Release|Any CPU
		{38301DAB-7291-4952-AB21-E423716FD07E}.Debug|Any CPU.ActiveCfg = Debug|Any CPU
		{38301DAB-7291-4952-AB21-E423716FD07E}.Debug|Any CPU.Build.0 = Debug|Any CPU
		{38301DAB-7291-4952-AB21-E423716FD07E}.Release|Any CPU.ActiveCfg = Release|Any CPU
		{38301DAB-7291-4952-AB21-E423716FD07E}.Release|Any CPU.Build.0 = Release|Any CPU
	EndGlobalSection
	GlobalSection(SolutionProperties) = preSolution
		HideSolutionNode = FALSE
	EndGlobalSection
	GlobalSection(ExtensibilityGlobals) = postSolution
		SolutionGuid = {180FAFB0-D54A-4515-9AB7-8D744C19A959}
	EndGlobalSection
EndGlobal
